
Microsoft Visual Studio Solution File, Format Version 12.00
# Visual Studio Version 16
VisualStudioVersion = 16.0.30523.141
MinimumVisualStudioVersion = 10.0.40219.1
Project("{FAE04EC0-301F-11D3-BF4B-00C04F79EFBC}") = "CrudMVCRazorFetch", "CrudMVCRazorFetch\CrudMVCRazorFetch.csproj", "{73104F0D-31BD-482C-A630-A0DA23BF8C01}"
EndProject
Global
	GlobalSection(SolutionConfigurationPlatforms) = preSolution
		Debug|Any CPU = Debug|Any CPU
		Release|Any CPU = Release|Any CPU
	EndGlobalSection
	GlobalSection(ProjectConfigurationPlatforms) = postSolution
		{73104F0D-31BD-482C-A630-A0DA23BF8C01}.Debug|Any CPU.ActiveCfg = Debug|Any CPU
		{73104F0D-31BD-482C-A630-A0DA23BF8C01}.Debug|Any CPU.Build.0 = Debug|Any CPU
		{73104F0D-31BD-482C-A630-A0DA23BF8C01}.Release|Any CPU.ActiveCfg = Release|Any CPU
		{73104F0D-31BD-482C-A630-A0DA23BF8C01}.Release|Any CPU.Build.0 = Release|Any CPU
	EndGlobalSection
	GlobalSection(SolutionProperties) = preSolution
		HideSolutionNode = FALSE
	EndGlobalSection
	GlobalSection(ExtensibilityGlobals) = postSolution
		SolutionGuid = {4C5F603C-EE8C-4288-88CA-9C4579C17B40}
	EndGlobalSection
EndGlobal
